
Microsoft Visual Studio Solution File, Format Version 12.00
# Visual Studio Version 17
VisualStudioVersion = 17.14.36811.4 d17.14
MinimumVisualStudioVersion = 10.0.40219.1
Project("{2150E333-8FDC-42A3-9474-1A3956D46DE8}") = "Structural", "Structural", "{F678D60F-D048-4971-BF38-33D82CD07EF2}"
EndProject
Project("{2150E333-8FDC-42A3-9474-1A3956D46DE8}") = "Behavioral", "Behavioral", "{545ACB77-028B-4A0E-BEED-19A37ED42690}"
EndProject
Project("{2150E333-8FDC-42A3-9474-1A3956D46DE8}") = "Creational", "Creational", "{D07839D2-76CA-4C7A-A440-EBB9FE1B8EAA}"
EndProject
Project("{FAE04EC0-301F-11D3-BF4B-00C04F79EFBC}") = "SimpleFactory", "Creational\SimpleFactory\SimpleFactory.csproj", "{7667E685-D0C8-4A1F-B5C5-5F637A509F66}"
EndProject
Project("{FAE04EC0-301F-11D3-BF4B-00C04F79EFBC}") = "FactoryMethod", "Creational\FactoryMethod\FactoryMethod.csproj", "{BF6B30C3-BEAE-4D3C-8634-7259CBFBD4AE}"
EndProject
Project("{FAE04EC0-301F-11D3-BF4B-00C04F79EFBC}") = "AbstractFactory", "Creational\AbstractFactory\AbstractFactory.csproj", "{4706527D-D831-4B11-97D9-4493A75D6A8C}"
EndProject
Global
	GlobalSection(SolutionConfigurationPlatforms) = preSolution
		Debug|Any CPU = Debug|Any CPU
		Release|Any CPU = Release|Any CPU
	EndGlobalSection
	GlobalSection(ProjectConfigurationPlatforms) = postSolution
		{7667E685-D0C8-4A1F-B5C5-5F637A509F66}.Debug|Any CPU.ActiveCfg = Debug|Any CPU
		{7667E685-D0C8-4A1F-B5C5-5F637A509F66}.Debug|Any CPU.Build.0 = Debug|Any CPU
		{7667E685-D0C8-4A1F-B5C5-5F637A509F66}.Release|Any CPU.ActiveCfg = Release|Any CPU
		{7667E685-D0C8-4A1F-B5C5-5F637A509F66}.Release|Any CPU.Build.0 = Release|Any CPU
		{BF6B30C3-BEAE-4D3C-8634-7259CBFBD4AE}.Debug|Any CPU.ActiveCfg = Debug|Any CPU
		{BF6B30C3-BEAE-4D3C-8634-7259CBFBD4AE}.Debug|Any CPU.Build.0 = Debug|Any CPU
		{BF6B30C3-BEAE-4D3C-8634-7259CBFBD4AE}.Release|Any CPU.ActiveCfg = Release|Any CPU
		{BF6B30C3-BEAE-4D3C-8634-7259CBFBD4AE}.Release|Any CPU.Build.0 = Release|Any CPU
		{4706527D-D831-4B11-97D9-4493A75D6A8C}.Debug|Any CPU.ActiveCfg = Debug|Any CPU
		{4706527D-D831-4B11-97D9-4493A75D6A8C}.Debug|Any CPU.Build.0 = Debug|Any CPU
		{4706527D-D831-4B11-97D9-4493A75D6A8C}.Release|Any CPU.ActiveCfg = Release|Any CPU
		{4706527D-D831-4B11-97D9-4493A75D6A8C}.Release|Any CPU.Build.0 = Release|Any CPU
	EndGlobalSection
	GlobalSection(SolutionProperties) = preSolution
		HideSolutionNode = FALSE
	EndGlobalSection
	GlobalSection(ExtensibilityGlobals) = postSolution
		SolutionGuid = {EE7486DE-4824-4FB8-93EC-7E4338A173AE}
	EndGlobalSection
	GlobalSection(NestedProjects) = preSolution
		{7667E685-D0C8-4A1F-B5C5-5F637A509F66} = {D07839D2-76CA-4C7A-A440-EBB9FE1B8EAA}
		{BF6B30C3-BEAE-4D3C-8634-7259CBFBD4AE} = {D07839D2-76CA-4C7A-A440-EBB9FE1B8EAA}
		{4706527D-D831-4B11-97D9-4493A75D6A8C} = {D07839D2-76CA-4C7A-A440-EBB9FE1B8EAA}
	EndGlobalSection
EndGlobal
